
Microsoft Visual Studio Solution File, Format Version 12.00
# Visual Studio 2015
Project("{FAE04EC0-301F-11D3-BF4B-00C04F79EFBC}") = "Zrobym AR.CSharp", "Zrobym AR.CSharp.csproj", "{BE792D33-3B07-A72C-1CBB-756AD018D332}"
EndProject
Project("{FAE04EC0-301F-11D3-BF4B-00C04F79EFBC}") = "Zrobym AR.CSharp.Editor", "Zrobym AR.CSharp.Editor.csproj", "{EAE78254-94BE-1148-1BC8-FFE6DD67C727}"
EndProject
Global
	GlobalSection(SolutionConfigurationPlatforms) = preSolution
		Debug|Any CPU = Debug|Any CPU
		Release|Any CPU = Release|Any CPU
	EndGlobalSection
	GlobalSection(ProjectConfigurationPlatforms) = postSolution
		{BE792D33-3B07-A72C-1CBB-756AD018D332}.Debug|Any CPU.ActiveCfg = Debug|Any CPU
		{BE792D33-3B07-A72C-1CBB-756AD018D332}.Debug|Any CPU.Build.0 = Debug|Any CPU
		{BE792D33-3B07-A72C-1CBB-756AD018D332}.Release|Any CPU.ActiveCfg = Release|Any CPU
		{BE792D33-3B07-A72C-1CBB-756AD018D332}.Release|Any CPU.Build.0 = Release|Any CPU
		{EAE78254-94BE-1148-1BC8-FFE6DD67C727}.Debug|Any CPU.ActiveCfg = Debug|Any CPU
		{EAE78254-94BE-1148-1BC8-FFE6DD67C727}.Debug|Any CPU.Build.0 = Debug|Any CPU
		{EAE78254-94BE-1148-1BC8-FFE6DD67C727}.Release|Any CPU.ActiveCfg = Release|Any CPU
		{EAE78254-94BE-1148-1BC8-FFE6DD67C727}.Release|Any CPU.Build.0 = Release|Any CPU
	EndGlobalSection
	GlobalSection(SolutionProperties) = preSolution
		HideSolutionNode = FALSE
	EndGlobalSection
EndGlobal
